version = 1
revision = 3
requires-python = "==3.13.*"

[[package]]
name = "numpy"
version = "2.5.1"
source = { registry = "https://pypi.org/simple" }
sdist = { url = "https://files.pythonhosted.org/packages/22/fd/89965aa4ac08c74998539fcbf24fa3540f3e15237fbeb6bcf9c908f4aade/numpy-2.5.1.tar.gz", hash = "sha256:a48a113e6afea91f5608793bafa7ef2ad481fefbda87ec5069f483de61cb9fa3", size = 20755553, upload-time = "2026-07-04T17:08:00.933Z" }
wheels = [
    { url = "https://files.pythonhosted.org/packages/eb/07/ec2a3f0c91761581d4b7104a740791800025983f9a4dc4e73f91a99aeac4/numpy-2.5.1-cp313-cp313-macosx_10_13_x86_64.whl", hash = "sha256:0bfebd8695f9863592fe744be833a258120b14a9f39da255e8aa8fade2c0ddd1", size = 16796419, upload-time = "2026-07-04T17:06:40.37Z" },
    { url = "https://files.pythonhosted.org/packages/ab/ab/ddb499fc4f8780354395face5b65c7fd107bcd6e1d667a5f07d046956f6f/numpy-2.5.1-cp313-cp313-macosx_11_0_arm64.whl", hash = "sha256:30b44a6b53a7ae63c54c089a8726e5563ed302716c5b7ccc85afade40b0e7ff6", size = 11765832, upload-time = "2026-07-04T17:06:42.768Z" },
    { url = "https://files.pythonhosted.org/packages/88/b3/3c28c558a09fc72100c646dac6d2fce8e834c471b0edca01a29996706117/numpy-2.5.1-cp313-cp313-macosx_14_0_arm64.whl", hash = "sha256:6165343f81b56ef8f514f396989e529b61d9dc709b99421b07e9f3e698e2287d", size = 5325143, upload-time = "2026-07-04T17:06:45.466Z" },
    { url = "https://files.pythonhosted.org/packages/5e/0e/ce19b985bb15c596f4f05954e76cccc77c845083b3b8f938a6c68e523128/numpy-2.5.1-cp313-cp313-macosx_14_0_x86_64.whl", hash = "sha256:4939237038ada79308dda3204ac6462df056b5672b2e25db1149cf873668b3e1", size = 6659749, upload-time = "2026-07-04T17:06:47.288Z" },
    { url = "https://files.pythonhosted.org/packages/2e/20/1ee6614d64332a1bba6411f38e68cb79eec1b2459e20a623777c5c5492a2/numpy-2.5.1-cp313-cp313-manylinux_2_27_aarch64.manylinux_2_28_aarch64.whl", hash = "sha256:1c6759f538fb912fc46de0a6b1758ccf7b57bc7c7ebebc23974fdac3de8db0cd", size = 15164716, upload-time = "2026-07-04T17:06:49.494Z" },
    { url = "https://files.pythonhosted.org/packages/ed/a7/2bcd3fdbb87804755c35b729bf8709d62025c5f4cfd7d5b2415997097515/numpy-2.5.1-cp313-cp313-manylinux_2_27_x86_64.manylinux_2_28_x86_64.whl", hash = "sha256:9726558e8db4a5bf7929a70ae50f63abda4daf0efe810e3bfbab95976f75fc1a", size = 16661440, upload-time = "2026-07-04T17:06:52.061Z" },
    { url = "https://files.pythonhosted.org/packages/fc/d7/a41e3310c886fe457d36e670bbf24fae411aca8a7b6ad92a32afd924077c/numpy-2.5.1-cp313-cp313-musllinux_1_2_aarch64.whl", hash = "sha256:3935f3b419b244a02732676fa5317a9193cc596a4c0646db07e5b421229ac9f7", size = 16526305, upload-time = "2026-07-04T17:06:54.605Z" },
    { url = "https://files.pythonhosted.org/packages/53/75/4333a9a707c1edd3a4e1a0c58eca52c0f31e55089fa80db02b5565b24df7/numpy-2.5.1-cp313-cp313-musllinux_1_2_x86_64.whl", hash = "sha256:dc932a65ded7ce9013d120845a2514dcccb1a67bfc8deb8d37633762951904a6", size = 18423008, upload-time = "2026-07-04T17:06:57.54Z" },
    { url = "https://files.pythonhosted.org/packages/ee/90/e314a32b1c11a2ffe818ddad3a57b50b4b6e1b6c487192eb50cdef0415d0/numpy-2.5.1-cp313-cp313-win32.whl", hash = "sha256:4b4ff1608417eb7a59da7b967bbb798cacfe071d2caf526a24281cd562072ed9", size = 6063885, upload-time = "2026-07-04T17:07:00.14Z" },
    { url = "https://files.pythonhosted.org/packages/10/70/800b3fca480af32df9e8ea9f3d4a0c8feb4b32d7f195d174eabbda4829ad/numpy-2.5.1-cp313-cp313-win_amd64.whl", hash = "sha256:6c3fe51bc6a16453d452997053454f309e8e0ed7b42d6b361ce4ac8c32913d74", size = 12425674, upload-time = "2026-07-04T17:07:02.387Z" },
    { url = "https://files.pythonhosted.org/packages/8b/0b/196350c122f50f6ca56846f2d71efd5e0d24b7b2e07355e019b2e2c7a11e/numpy-2.5.1-cp313-cp313-win_arm64.whl", hash = "sha256:f7feb014281029e628ba2d5a007407443b06e418b6fe451d1e2adcbc8eba0107", size = 10350256, upload-time = "2026-07-04T17:07:04.878Z" },
]

[[package]]
name = "opencv-python-headless"
version = "4.14.0.94"
source = { registry = "https://pypi.org/simple" }
dependencies = [
    { name = "numpy" },
]
sdist = { url = "https://files.pythonhosted.org/packages/67/8a/51ff1c6287be0b6cd3070cf095875da4ff7d6eda38507e6ada5608786a78/opencv_python_headless-4.14.0.94.tar.gz", hash = "sha256:4afa2ea1214453648be88259f035712454faa9039b686de7753569ba8eec1577", size = 96405664, upload-time = "2026-07-28T19:23:48.758Z" }
wheels = [
    { url = "https://files.pythonhosted.org/packages/9a/56/12f9b05628cf4ab6aad54479b9124f7c1f2f92b6a4e47c071beb63d926a2/opencv_python_headless-4.14.0.94-cp37-abi3-macosx_13_0_arm64.whl", hash = "sha256:bc7db37dc234f7bb3190a158fd9dd750357246fc7d8adb23698843ef721a993b", size = 46491231, upload-time = "2026-07-29T03:52:11.902Z" },
    { url = "https://files.pythonhosted.org/packages/23/3b/2f9c42466f62aa27e97aaf6c9d914008895ecde28013ba4beed7f541f593/opencv_python_headless-4.14.0.94-cp37-abi3-macosx_14_0_x86_64.whl", hash = "sha256:1777f43c9fa064f54b916ad70d944b4fde0a644a17e49f04a966bb24a4b5f1e1", size = 33084176, upload-time = "2026-07-28T20:05:59.902Z" },
    { url = "https://files.pythonhosted.org/packages/7d/91/83c51e3fe000b5dfce4f3be5c5d320e07ebab5c1742abc4e45674503f90f/opencv_python_headless-4.14.0.94-cp37-abi3-manylinux2014_aarch64.manylinux_2_17_aarch64.whl", hash = "sha256:29714d7716dbfddf9fec20ffb878765e94ccaecd7d3ebd6750877420296e2dc5", size = 35405458, upload-time = "2026-07-28T19:19:29.997Z" },
    { url = "https://files.pythonhosted.org/packages/de/06/14c8c5d331bc72738683a9b227966aceaa4c6d08752f33d64578aebcb6f8/opencv_python_headless-4.14.0.94-cp37-abi3-manylinux2014_x86_64.manylinux_2_17_x86_64.whl", hash = "sha256:5e02669eac0ba67b2a22d7245af1e8ee1a2ef1185ee526a063d8f0555224bd52", size = 57534165, upload-time = "2026-07-28T19:19:52.742Z" },
    { url = "https://files.pythonhosted.org/packages/3f/0e/0b98bd582582253f61c4506f9b465cf5a8aa7fa4f7237dd99e1b5151a159/opencv_python_headless-4.14.0.94-cp37-abi3-manylinux_2_28_aarch64.whl", hash = "sha256:97c6e818c6f71c0cfa214e12293b1d0266d679c38f4e086de08357c8ac6ece0d", size = 38104309, upload-time = "2026-07-28T19:20:08.818Z" },
    { url = "https://files.pythonhosted.org/packages/ae/ce/7f538891722a4f06921419d55bac6f41729258d54442861edb2de0dbdf5e/opencv_python_headless-4.14.0.94-cp37-abi3-manylinux_2_28_x86_64.whl", hash = "sha256:211e581f5a4670acbbe08fff36a35e9946039d2eea28b80394632d036d1be527", size = 61960165, upload-time = "2026-07-28T19:20:33.074Z" },
    { url = "https://files.pythonhosted.org/packages/e9/91/ded03abad74d7264fa6bc7c923d7cade6f94a9023eeb372cfad54c2d0334/opencv_python_headless-4.14.0.94-cp37-abi3-win32.whl", hash = "sha256:f70296aa7ac9d7ade0d925c43fdc006c83e20a23f30e2f40f1b82c74a7a54460", size = 33030271, upload-time = "2026-07-28T18:32:39.447Z" },
    { url = "https://files.pythonhosted.org/packages/ad/8d/db8673846ee53cbb5de4c2b4decc11cf733e203eb7d5146297869f69bd48/opencv_python_headless-4.14.0.94-cp37-abi3-win_amd64.whl", hash = "sha256:cbed65415b8f6a9541c705afe3e64795840524d0ff3bc58f507826284a1dc64b", size = 41028030, upload-time = "2026-07-28T18:32:36.724Z" },
]

[[package]]
name = "hypit-provider-image-opencv-local-runtime"
version = "0.1.0"
source = { virtual = "." }
dependencies = [
    { name = "numpy" },
    { name = "opencv-python-headless" },
]

[package.metadata]
requires-dist = [
    { name = "numpy", specifier = ">=2.1,<3" },
    { name = "opencv-python-headless", specifier = ">=4.10,<5" },
]
